{
    "_meta": {
        "hash": {
            "sha256": "5c17df85236f2186f079bcf23391321fbe4d214897e8aa50e920169f55c96a03"
        },
        "pipfile-spec": 6,
        "requires": {
            "python_full_version": "3.11.0",
            "python_version": "3.11"
        },
        "sources": [
            {
                "name": "pypi",
                "url": "https://pypi.org/simple",
                "verify_ssl": true
            }
        ]
    },
    "default": {},
    "develop": {}
}
